
Microsoft Visual Studio Solution File, Format Version 12.00
# Visual Studio Version 17
VisualStudioVersion = 17.6.33723.286
MinimumVisualStudioVersion = 10.0.40219.1
Project("{8BC9CEB8-8B4A-11D0-8D11-00A0C91BC942}") = "VoxelEngine", "Minecraft\Minecraft.vcxproj", "{10D34EB1-6D55-4297-95DB-C7418DCAECAD}"
EndProject
Project("{8BC9CEB8-8B4A-11D0-8D11-00A0C91BC942}") = "Minecraft", "Minecampf\Minecampf.vcxproj", "{E17D6AAC-D597-4376-8DEF-2DAE607AD904}"
EndProject
Global
	GlobalSection(SolutionConfigurationPlatforms) = preSolution
		Debug|x64 = Debug|x64
		Release|x64 = Release|x64
	EndGlobalSection
	GlobalSection(ProjectConfigurationPlatforms) = postSolution
		{10D34EB1-6D55-4297-95DB-C7418DCAECAD}.Debug|x64.ActiveCfg = Debug|x64
		{10D34EB1-6D55-4297-95DB-C7418DCAECAD}.Debug|x64.Build.0 = Debug|x64
		{10D34EB1-6D55-4297-95DB-C7418DCAECAD}.Release|x64.ActiveCfg = Release|x64
		{10D34EB1-6D55-4297-95DB-C7418DCAECAD}.Release|x64.Build.0 = Release|x64
		{E17D6AAC-D597-4376-8DEF-2DAE607AD904}.Debug|x64.ActiveCfg = Debug|x64
		{E17D6AAC-D597-4376-8DEF-2DAE607AD904}.Debug|x64.Build.0 = Debug|x64
		{E17D6AAC-D597-4376-8DEF-2DAE607AD904}.Release|x64.ActiveCfg = Release|x64
		{E17D6AAC-D597-4376-8DEF-2DAE607AD904}.Release|x64.Build.0 = Release|x64
	EndGlobalSection
	GlobalSection(SolutionProperties) = preSolution
		HideSolutionNode = FALSE
	EndGlobalSection
	GlobalSection(ExtensibilityGlobals) = postSolution
		SolutionGuid = {54BC4ACD-144A-4CC6-B565-FC1AA29B8CE9}
	EndGlobalSection
EndGlobal
